// !$*UTF8*$!
{
	archiveVersion = 1;
	classes = {
	};
	objectVersion = 56;
	objects = {

/* Begin PBXBuildFile section */
		0D8EDA64295B2C210092385A /* AppDelegate.swift in Sources */ = {isa = PBXBuildFile; fileRef = 0D8EDA63295B2C210092385A /* AppDelegate.swift */; };
		0D8EDA66295B2C210092385A /* SceneDelegate.swift in Sources */ = {isa = PBXBuildFile; fileRef = 0D8EDA65295B2C210092385A /* SceneDelegate.swift */; };
		0D8EDA6E295B2C210092385A /* ChoiceOfEntertainment.xcdatamodeld in Sources */ = {isa = PBXBuildFile; fileRef = 0D8EDA6C295B2C210092385A /* ChoiceOfEntertainment.xcdatamodeld */; };
		0D8EDA70295B2C230092385A /* Assets.xcassets in Resources */ = {isa = PBXBuildFile; fileRef = 0D8EDA6F295B2C230092385A /* Assets.xcassets */; };
		0D8EDA73295B2C230092385A /* LaunchScreen.storyboard in Resources */ = {isa = PBXBuildFile; fileRef = 0D8EDA71295B2C230092385A /* LaunchScreen.storyboard */; };
		0D8EDA7E295B2C230092385A /* ChoiceOfEntertainmentTests.swift in Sources */ = {isa = PBXBuildFile; fileRef = 0D8EDA7D295B2C230092385A /* ChoiceOfEntertainmentTests.swift */; };
		0D8EDA88295B2C230092385A /* ChoiceOfEntertainmentUITests.swift in Sources */ = {isa = PBXBuildFile; fileRef = 0D8EDA87295B2C230092385A /* ChoiceOfEntertainmentUITests.swift */; };
		0D8EDA8A295B2C230092385A /* ChoiceOfEntertainmentUITestsLaunchTests.swift in Sources */ = {isa = PBXBuildFile; fileRef = 0D8EDA89295B2C230092385A /* ChoiceOfEntertainmentUITestsLaunchTests.swift */; };
		0D8EDA98295B2C4D0092385A /* SnapKit in Frameworks */ = {isa = PBXBuildFile; productRef = 0D8EDA97295B2C4D0092385A /* SnapKit */; };
		0D8EDAA6295B2D400092385A /* ChoiceOfEntertainmentViewController.swift in Sources */ = {isa = PBXBuildFile; fileRef = 0D8EDAA5295B2D400092385A /* ChoiceOfEntertainmentViewController.swift */; };
		0D8EDAA8295B2DB20092385A /* ChoiceOfEntertainmentView.swift in Sources */ = {isa = PBXBuildFile; fileRef = 0D8EDAA7295B2DB20092385A /* ChoiceOfEntertainmentView.swift */; };
		0D8EDAAC295B39F20092385A /* UIColor+Ext.swift in Sources */ = {isa = PBXBuildFile; fileRef = 0D8EDAAB295B39F20092385A /* UIColor+Ext.swift */; };
		0D8EDAB2295B40F50092385A /* Device.swift in Sources */ = {isa = PBXBuildFile; fileRef = 0D8EDAB1295B40F50092385A /* Device.swift */; };
		0D8EDAB9295B4A640092385A /* Routable.swift in Sources */ = {isa = PBXBuildFile; fileRef = 0D8EDAB8295B4A640092385A /* Routable.swift */; };
		0D8EDABB295B4A7A0092385A /* Presentable.swift in Sources */ = {isa = PBXBuildFile; fileRef = 0D8EDABA295B4A7A0092385A /* Presentable.swift */; };
		0D8EDABD295B4A9E0092385A /* Coordinator.swift in Sources */ = {isa = PBXBuildFile; fileRef = 0D8EDABC295B4A9E0092385A /* Coordinator.swift */; };
		0D8EDABF295B4B040092385A /* CoordinatorsFactory.swift in Sources */ = {isa = PBXBuildFile; fileRef = 0D8EDABE295B4B040092385A /* CoordinatorsFactory.swift */; };
		0D8EDAC2295B4B3C0092385A /* AppCoordinator.swift in Sources */ = {isa = PBXBuildFile; fileRef = 0D8EDAC1295B4B3C0092385A /* AppCoordinator.swift */; };
		0D8EDAC5295B4B720092385A /* BaseCoordinator.swift in Sources */ = {isa = PBXBuildFile; fileRef = 0D8EDAC4295B4B720092385A /* BaseCoordinator.swift */; };
		0D8EDAC7295B4BA20092385A /* Router.swift in Sources */ = {isa = PBXBuildFile; fileRef = 0D8EDAC6295B4BA20092385A /* Router.swift */; };
		0D8EDACA295B4C9C0092385A /* MainCoordinator.swift in Sources */ = {isa = PBXBuildFile; fileRef = 0D8EDAC9295B4C9C0092385A /* MainCoordinator.swift */; };
		0D8EDACE295B4D120092385A /* MainBuilderProtocol.swift in Sources */ = {isa = PBXBuildFile; fileRef = 0D8EDACD295B4D120092385A /* MainBuilderProtocol.swift */; };
		0D8EDAD0295B4D650092385A /* MainModulesFactory.swift in Sources */ = {isa = PBXBuildFile; fileRef = 0D8EDACF295B4D650092385A /* MainModulesFactory.swift */; };
		0D8EDAD3295B62ED0092385A /* GenreType.json in Resources */ = {isa = PBXBuildFile; fileRef = 0D8EDAD2295B62ED0092385A /* GenreType.json */; };
		0D8EDAD5295B62F10092385A /* CountryType.json in Resources */ = {isa = PBXBuildFile; fileRef = 0D8EDAD4295B62F10092385A /* CountryType.json */; };
		0D8EDAD7295B65BF0092385A /* SortedType.json in Resources */ = {isa = PBXBuildFile; fileRef = 0D8EDAD6295B65BF0092385A /* SortedType.json */; };
		0D8EDAD9295B65C40092385A /* CinemaType.json in Resources */ = {isa = PBXBuildFile; fileRef = 0D8EDAD8295B65C40092385A /* CinemaType.json */; };
		0D8EDADC295B65DF0092385A /* Data+Ext.swift in Sources */ = {isa = PBXBuildFile; fileRef = 0D8EDADB295B65DF0092385A /* Data+Ext.swift */; };
		0D8EDADF295B67C10092385A /* CinemaTypeModel.swift in Sources */ = {isa = PBXBuildFile; fileRef = 0D8EDADE295B67C10092385A /* CinemaTypeModel.swift */; };
		0D8EDAE1295B683C0092385A /* SortedTypeModel.swift in Sources */ = {isa = PBXBuildFile; fileRef = 0D8EDAE0295B683C0092385A /* SortedTypeModel.swift */; };
		0D8EDAE3295B685A0092385A /* CountryTypeModel.swift in Sources */ = {isa = PBXBuildFile; fileRef = 0D8EDAE2295B685A0092385A /* CountryTypeModel.swift */; };
		0D8EDAE5295B687B0092385A /* GenreTypeModel.swift in Sources */ = {isa = PBXBuildFile; fileRef = 0D8EDAE4295B687B0092385A /* GenreTypeModel.swift */; };
		0D8EDAE8295B697F0092385A /* RequestParameterConstructor.swift in Sources */ = {isa = PBXBuildFile; fileRef = 0D8EDAE7295B697F0092385A /* RequestParameterConstructor.swift */; };
		0D8EDAF0295B6DFB0092385A /* CinemaRequestGenerationViewController.swift in Sources */ = {isa = PBXBuildFile; fileRef = 0D8EDAEF295B6DFB0092385A /* CinemaRequestGenerationViewController.swift */; };
		0D8EDAF2295B6ECB0092385A /* CinemaRequestGenerationView.swift in Sources */ = {isa = PBXBuildFile; fileRef = 0D8EDAF1295B6ECB0092385A /* CinemaRequestGenerationView.swift */; };
		0D8EDAF6295B80070092385A /* CustomNaviHeaderView.swift in Sources */ = {isa = PBXBuildFile; fileRef = 0D8EDAF5295B80070092385A /* CustomNaviHeaderView.swift */; };
		0D8EDAF8295B801B0092385A /* CustomNaviHeaderViewParameters.swift in Sources */ = {isa = PBXBuildFile; fileRef = 0D8EDAF7295B801B0092385A /* CustomNaviHeaderViewParameters.swift */; };
		0D8EDAFF295E207B0092385A /* NameButtonsRequestGenerationViewModel.swift in Sources */ = {isa = PBXBuildFile; fileRef = 0D8EDAFE295E207B0092385A /* NameButtonsRequestGenerationViewModel.swift */; };
		0D8EDB02295E2F5D0092385A /* AppButtonTypeOne.swift in Sources */ = {isa = PBXBuildFile; fileRef = 0D8EDB01295E2F5D0092385A /* AppButtonTypeOne.swift */; };
		0D8EDB05295E2FD00092385A /* AppButtonTypeOneParameters.swift in Sources */ = {isa = PBXBuildFile; fileRef = 0D8EDB04295E2FD00092385A /* AppButtonTypeOneParameters.swift */; };
		0D8EDB07295E36660092385A /* CinemaListRequestDataModel.swift in Sources */ = {isa = PBXBuildFile; fileRef = 0D8EDB06295E36660092385A /* CinemaListRequestDataModel.swift */; };
		0D8EDB0A295E4B520092385A /* SelectingMovieQueryOptionViewController.swift in Sources */ = {isa = PBXBuildFile; fileRef = 0D8EDB09295E4B520092385A /* SelectingMovieQueryOptionViewController.swift */; };
		0D8EDB0D295E4B600092385A /* SelectingMovieQueryOptionView.swift in Sources */ = {isa = PBXBuildFile; fileRef = 0D8EDB0C295E4B600092385A /* SelectingMovieQueryOptionView.swift */; };
		0D8EDB10295E4B750092385A /* SelectingMovieQueryOptionViewModel.swift in Sources */ = {isa = PBXBuildFile; fileRef = 0D8EDB0F295E4B750092385A /* SelectingMovieQueryOptionViewModel.swift */; };
		0D8EDB13295E4FBE0092385A /* ViewModelsFactory.swift in Sources */ = {isa = PBXBuildFile; fileRef = 0D8EDB12295E4FBE0092385A /* ViewModelsFactory.swift */; };
		0D8EDB1529605CC10092385A /* EnumNameFilesJSON.swift in Sources */ = {isa = PBXBuildFile; fileRef = 0D8EDB1429605CC10092385A /* EnumNameFilesJSON.swift */; };
		0D8EDB1829606C7C0092385A /* Date+Ext.swift in Sources */ = {isa = PBXBuildFile; fileRef = 0D8EDB1729606C7C0092385A /* Date+Ext.swift */; };
		0D8EDB1B29609C4B0092385A /* CinemaRequestGenerationViewModel.swift in Sources */ = {isa = PBXBuildFile; fileRef = 0D8EDB1A29609C4B0092385A /* CinemaRequestGenerationViewModel.swift */; };
/* End PBXBuildFile section */

/* Begin PBXContainerItemProxy section */
		0D8EDA7A295B2C230092385A /* PBXContainerItemProxy */ = {
			isa = PBXContainerItemProxy;
			containerPortal = 0D8EDA58295B2C210092385A /* Project object */;
			proxyType = 1;
			remoteGlobalIDString = 0D8EDA5F295B2C210092385A;
			remoteInfo = ChoiceOfEntertainment;
		};
		0D8EDA84295B2C230092385A /* PBXContainerItemProxy */ = {
			isa = PBXContainerItemProxy;
			containerPortal = 0D8EDA58295B2C210092385A /* Project object */;
			proxyType = 1;
			remoteGlobalIDString = 0D8EDA5F295B2C210092385A;
			remoteInfo = ChoiceOfEntertainment;
		};
/* End PBXContainerItemProxy section */

/* Begin PBXFileReference section */
		0D8EDA60295B2C210092385A /* ChoiceOfEntertainment.app */ = {isa = PBXFileReference; explicitFileType = wrapper.application; includeInIndex = 0; path = ChoiceOfEntertainment.app; sourceTree = BUILT_PRODUCTS_DIR; };
		0D8EDA63295B2C210092385A /* AppDelegate.swift */ = {isa = PBXFileReference; lastKnownFileType = sourcecode.swift; path = AppDelegate.swift; sourceTree = "<group>"; };
		0D8EDA65295B2C210092385A /* SceneDelegate.swift */ = {isa = PBXFileReference; lastKnownFileType = sourcecode.swift; path = SceneDelegate.swift; sourceTree = "<group>"; };
		0D8EDA6D295B2C210092385A /* ChoiceOfEntertainment.xcdatamodel */ = {isa = PBXFileReference; lastKnownFileType = wrapper.xcdatamodel; path = ChoiceOfEntertainment.xcdatamodel; sourceTree = "<group>"; };
		0D8EDA6F295B2C230092385A /* Assets.xcassets */ = {isa = PBXFileReference; lastKnownFileType = folder.assetcatalog; path = Assets.xcassets; sourceTree = "<group>"; };
		0D8EDA72295B2C230092385A /* Base */ = {isa = PBXFileReference; lastKnownFileType = file.storyboard; name = Base; path = Base.lproj/LaunchScreen.storyboard; sourceTree = "<group>"; };
		0D8EDA74295B2C230092385A /* Info.plist */ = {isa = PBXFileReference; lastKnownFileType = text.plist.xml; path = Info.plist; sourceTree = "<group>"; };
		0D8EDA79295B2C230092385A /* ChoiceOfEntertainmentTests.xctest */ = {isa = PBXFileReference; explicitFileType = wrapper.cfbundle; includeInIndex = 0; path = ChoiceOfEntertainmentTests.xctest; sourceTree = BUILT_PRODUCTS_DIR; };
		0D8EDA7D295B2C230092385A /* ChoiceOfEntertainmentTests.swift */ = {isa = PBXFileReference; lastKnownFileType = sourcecode.swift; path = ChoiceOfEntertainmentTests.swift; sourceTree = "<group>"; };
		0D8EDA83295B2C230092385A /* ChoiceOfEntertainmentUITests.xctest */ = {isa = PBXFileReference; explicitFileType = wrapper.cfbundle; includeInIndex = 0; path = ChoiceOfEntertainmentUITests.xctest; sourceTree = BUILT_PRODUCTS_DIR; };
		0D8EDA87295B2C230092385A /* ChoiceOfEntertainmentUITests.swift */ = {isa = PBXFileReference; lastKnownFileType = sourcecode.swift; path = ChoiceOfEntertainmentUITests.swift; sourceTree = "<group>"; };
		0D8EDA89295B2C230092385A /* ChoiceOfEntertainmentUITestsLaunchTests.swift */ = {isa = PBXFileReference; lastKnownFileType = sourcecode.swift; path = ChoiceOfEntertainmentUITestsLaunchTests.swift; sourceTree = "<group>"; };
		0D8EDAA5295B2D400092385A /* ChoiceOfEntertainmentViewController.swift */ = {isa = PBXFileReference; lastKnownFileType = sourcecode.swift; path = ChoiceOfEntertainmentViewController.swift; sourceTree = "<group>"; };
		0D8EDAA7295B2DB20092385A /* ChoiceOfEntertainmentView.swift */ = {isa = PBXFileReference; lastKnownFileType = sourcecode.swift; path = ChoiceOfEntertainmentView.swift; sourceTree = "<group>"; };
		0D8EDAAB295B39F20092385A /* UIColor+Ext.swift */ = {isa = PBXFileReference; lastKnownFileType = sourcecode.swift; path = "UIColor+Ext.swift"; sourceTree = "<group>"; };
		0D8EDAB1295B40F50092385A /* Device.swift */ = {isa = PBXFileReference; lastKnownFileType = sourcecode.swift; path = Device.swift; sourceTree = "<group>"; };
		0D8EDAB8295B4A640092385A /* Routable.swift */ = {isa = PBXFileReference; lastKnownFileType = sourcecode.swift; path = Routable.swift; sourceTree = "<group>"; };
		0D8EDABA295B4A7A0092385A /* Presentable.swift */ = {isa = PBXFileReference; lastKnownFileType = sourcecode.swift; path = Presentable.swift; sourceTree = "<group>"; };
		0D8EDABC295B4A9E0092385A /* Coordinator.swift */ = {isa = PBXFileReference; lastKnownFileType = sourcecode.swift; path = Coordinator.swift; sourceTree = "<group>"; };
		0D8EDABE295B4B040092385A /* CoordinatorsFactory.swift */ = {isa = PBXFileReference; lastKnownFileType = sourcecode.swift; path = CoordinatorsFactory.swift; sourceTree = "<group>"; };
		0D8EDAC1295B4B3C0092385A /* AppCoordinator.swift */ = {isa = PBXFileReference; lastKnownFileType = sourcecode.swift; path = AppCoordinator.swift; sourceTree = "<group>"; };
		0D8EDAC4295B4B720092385A /* BaseCoordinator.swift */ = {isa = PBXFileReference; lastKnownFileType = sourcecode.swift; path = BaseCoordinator.swift; sourceTree = "<group>"; };
		0D8EDAC6295B4BA20092385A /* Router.swift */ = {isa = PBXFileReference; lastKnownFileType = sourcecode.swift; path = Router.swift; sourceTree = "<group>"; };
		0D8EDAC9295B4C9C0092385A /* MainCoordinator.swift */ = {isa = PBXFileReference; lastKnownFileType = sourcecode.swift; path = MainCoordinator.swift; sourceTree = "<group>"; };
		0D8EDACD295B4D120092385A /* MainBuilderProtocol.swift */ = {isa = PBXFileReference; lastKnownFileType = sourcecode.swift; path = MainBuilderProtocol.swift; sourceTree = "<group>"; };
		0D8EDACF295B4D650092385A /* MainModulesFactory.swift */ = {isa = PBXFileReference; lastKnownFileType = sourcecode.swift; path = MainModulesFactory.swift; sourceTree = "<group>"; };
		0D8EDAD2295B62ED0092385A /* GenreType.json */ = {isa = PBXFileReference; fileEncoding = 4; lastKnownFileType = text.json; path = GenreType.json; sourceTree = "<group>"; };
		0D8EDAD4295B62F10092385A /* CountryType.json */ = {isa = PBXFileReference; fileEncoding = 4; lastKnownFileType = text.json; path = CountryType.json; sourceTree = "<group>"; };
		0D8EDAD6295B65BF0092385A /* SortedType.json */ = {isa = PBXFileReference; fileEncoding = 4; lastKnownFileType = text.json; path = SortedType.json; sourceTree = "<group>"; };
		0D8EDAD8295B65C40092385A /* CinemaType.json */ = {isa = PBXFileReference; fileEncoding = 4; lastKnownFileType = text.json; path = CinemaType.json; sourceTree = "<group>"; };
		0D8EDADB295B65DF0092385A /* Data+Ext.swift */ = {isa = PBXFileReference; lastKnownFileType = sourcecode.swift; path = "Data+Ext.swift"; sourceTree = "<group>"; };
		0D8EDADE295B67C10092385A /* CinemaTypeModel.swift */ = {isa = PBXFileReference; lastKnownFileType = sourcecode.swift; path = CinemaTypeModel.swift; sourceTree = "<group>"; };
		0D8EDAE0295B683C0092385A /* SortedTypeModel.swift */ = {isa = PBXFileReference; lastKnownFileType = sourcecode.swift; path = SortedTypeModel.swift; sourceTree = "<group>"; };
		0D8EDAE2295B685A0092385A /* CountryTypeModel.swift */ = {isa = PBXFileReference; lastKnownFileType = sourcecode.swift; path = CountryTypeModel.swift; sourceTree = "<group>"; };
		0D8EDAE4295B687B0092385A /* GenreTypeModel.swift */ = {isa = PBXFileReference; lastKnownFileType = sourcecode.swift; path = GenreTypeModel.swift; sourceTree = "<group>"; };
		0D8EDAE7295B697F0092385A /* RequestParameterConstructor.swift */ = {isa = PBXFileReference; lastKnownFileType = sourcecode.swift; path = RequestParameterConstructor.swift; sourceTree = "<group>"; };
		0D8EDAEF295B6DFB0092385A /* CinemaRequestGenerationViewController.swift */ = {isa = PBXFileReference; lastKnownFileType = sourcecode.swift; path = CinemaRequestGenerationViewController.swift; sourceTree = "<group>"; };
		0D8EDAF1295B6ECB0092385A /* CinemaRequestGenerationView.swift */ = {isa = PBXFileReference; lastKnownFileType = sourcecode.swift; path = CinemaRequestGenerationView.swift; sourceTree = "<group>"; };
		0D8EDAF5295B80070092385A /* CustomNaviHeaderView.swift */ = {isa = PBXFileReference; lastKnownFileType = sourcecode.swift; path = CustomNaviHeaderView.swift; sourceTree = "<group>"; };
		0D8EDAF7295B801B0092385A /* CustomNaviHeaderViewParameters.swift */ = {isa = PBXFileReference; lastKnownFileType = sourcecode.swift; path = CustomNaviHeaderViewParameters.swift; sourceTree = "<group>"; };
		0D8EDAFE295E207B0092385A /* NameButtonsRequestGenerationViewModel.swift */ = {isa = PBXFileReference; lastKnownFileType = sourcecode.swift; path = NameButtonsRequestGenerationViewModel.swift; sourceTree = "<group>"; };
		0D8EDB01295E2F5D0092385A /* AppButtonTypeOne.swift */ = {isa = PBXFileReference; lastKnownFileType = sourcecode.swift; path = AppButtonTypeOne.swift; sourceTree = "<group>"; };
		0D8EDB04295E2FD00092385A /* AppButtonTypeOneParameters.swift */ = {isa = PBXFileReference; lastKnownFileType = sourcecode.swift; path = AppButtonTypeOneParameters.swift; sourceTree = "<group>"; };
		0D8EDB06295E36660092385A /* CinemaListRequestDataModel.swift */ = {isa = PBXFileReference; lastKnownFileType = sourcecode.swift; path = CinemaListRequestDataModel.swift; sourceTree = "<group>"; };
		0D8EDB09295E4B520092385A /* SelectingMovieQueryOptionViewController.swift */ = {isa = PBXFileReference; lastKnownFileType = sourcecode.swift; path = SelectingMovieQueryOptionViewController.swift; sourceTree = "<group>"; };
		0D8EDB0C295E4B600092385A /* SelectingMovieQueryOptionView.swift */ = {isa = PBXFileReference; lastKnownFileType = sourcecode.swift; path = SelectingMovieQueryOptionView.swift; sourceTree = "<group>"; };
		0D8EDB0F295E4B750092385A /* SelectingMovieQueryOptionViewModel.swift */ = {isa = PBXFileReference; lastKnownFileType = sourcecode.swift; path = SelectingMovieQueryOptionViewModel.swift; sourceTree = "<group>"; };
		0D8EDB12295E4FBE0092385A /* ViewModelsFactory.swift */ = {isa = PBXFileReference; lastKnownFileType = sourcecode.swift; path = ViewModelsFactory.swift; sourceTree = "<group>"; };
		0D8EDB1429605CC10092385A /* EnumNameFilesJSON.swift */ = {isa = PBXFileReference; lastKnownFileType = sourcecode.swift; path = EnumNameFilesJSON.swift; sourceTree = "<group>"; };
		0D8EDB1729606C7C0092385A /* Date+Ext.swift */ = {isa = PBXFileReference; lastKnownFileType = sourcecode.swift; path = "Date+Ext.swift"; sourceTree = "<group>"; };
		0D8EDB1A29609C4B0092385A /* CinemaRequestGenerationViewModel.swift */ = {isa = PBXFileReference; lastKnownFileType = sourcecode.swift; path = CinemaRequestGenerationViewModel.swift; sourceTree = "<group>"; };
/* End PBXFileReference section */

/* Begin PBXFrameworksBuildPhase section */
		0D8EDA5D295B2C210092385A /* Frameworks */ = {
			isa = PBXFrameworksBuildPhase;
			buildActionMask = 2147483647;
			files = (
				0D8EDA98295B2C4D0092385A /* SnapKit in Frameworks */,
			);
			runOnlyForDeploymentPostprocessing = 0;
		};
		0D8EDA76295B2C230092385A /* Frameworks */ = {
			isa = PBXFrameworksBuildPhase;
			buildActionMask = 2147483647;
			files = (
			);
			runOnlyForDeploymentPostprocessing = 0;
		};
		0D8EDA80295B2C230092385A /* Frameworks */ = {
			isa = PBXFrameworksBuildPhase;
			buildActionMask = 2147483647;
			files = (
			);
			runOnlyForDeploymentPostprocessing = 0;
		};
/* End PBXFrameworksBuildPhase section */

/* Begin PBXGroup section */
		0D8EDA57295B2C210092385A = {
			isa = PBXGroup;
			children = (
				0D8EDA62295B2C210092385A /* ChoiceOfEntertainment */,
				0D8EDA7C295B2C230092385A /* ChoiceOfEntertainmentTests */,
				0D8EDA86295B2C230092385A /* ChoiceOfEntertainmentUITests */,
				0D8EDA61295B2C210092385A /* Products */,
			);
			sourceTree = "<group>";
		};
		0D8EDA61295B2C210092385A /* Products */ = {
			isa = PBXGroup;
			children = (
				0D8EDA60295B2C210092385A /* ChoiceOfEntertainment.app */,
				0D8EDA79295B2C230092385A /* ChoiceOfEntertainmentTests.xctest */,
				0D8EDA83295B2C230092385A /* ChoiceOfEntertainmentUITests.xctest */,
			);
			name = Products;
			sourceTree = "<group>";
		};
		0D8EDA62295B2C210092385A /* ChoiceOfEntertainment */ = {
			isa = PBXGroup;
			children = (
				0D8EDA9C295B2CBF0092385A /* App */,
				0D8EDA9B295B2CB80092385A /* Core */,
				0D8EDA9A295B2C9F0092385A /* Resources */,
				0D8EDA99295B2C740092385A /* Environments */,
			);
			path = ChoiceOfEntertainment;
			sourceTree = "<group>";
		};
		0D8EDA7C295B2C230092385A /* ChoiceOfEntertainmentTests */ = {
			isa = PBXGroup;
			children = (
				0D8EDA7D295B2C230092385A /* ChoiceOfEntertainmentTests.swift */,
			);
			path = ChoiceOfEntertainmentTests;
			sourceTree = "<group>";
		};
		0D8EDA86295B2C230092385A /* ChoiceOfEntertainmentUITests */ = {
			isa = PBXGroup;
			children = (
				0D8EDA87295B2C230092385A /* ChoiceOfEntertainmentUITests.swift */,
				0D8EDA89295B2C230092385A /* ChoiceOfEntertainmentUITestsLaunchTests.swift */,
			);
			path = ChoiceOfEntertainmentUITests;
			sourceTree = "<group>";
		};
		0D8EDA99295B2C740092385A /* Environments */ = {
			isa = PBXGroup;
			children = (
				0D8EDA6C295B2C210092385A /* ChoiceOfEntertainment.xcdatamodeld */,
				0D8EDA74295B2C230092385A /* Info.plist */,
			);
			path = Environments;
			sourceTree = "<group>";
		};
		0D8EDA9A295B2C9F0092385A /* Resources */ = {
			isa = PBXGroup;
			children = (
				0D8EDAD1295B61A10092385A /* DataJSON */,
				0D8EDA71295B2C230092385A /* LaunchScreen.storyboard */,
				0D8EDA6F295B2C230092385A /* Assets.xcassets */,
			);
			path = Resources;
			sourceTree = "<group>";
		};
		0D8EDA9B295B2CB80092385A /* Core */ = {
			isa = PBXGroup;
			children = (
				0D8EDAB0295B40E70092385A /* Device */,
				0D8EDAA9295B39CA0092385A /* Extension */,
			);
			path = Core;
			sourceTree = "<group>";
		};
		0D8EDA9C295B2CBF0092385A /* App */ = {
			isa = PBXGroup;
			children = (
				0D8EDAA1295B2CE30092385A /* AppDelegate */,
				0D8EDAA0295B2CDB0092385A /* BusinessLogic */,
				0D8EDA9F295B2CD60092385A /* Entity */,
				0D8EDA9E295B2CCF0092385A /* Assembly */,
				0D8EDA9D295B2CC80092385A /* Flows */,
			);
			path = App;
			sourceTree = "<group>";
		};
		0D8EDA9D295B2CC80092385A /* Flows */ = {
			isa = PBXGroup;
			children = (
				0D8EDB08295E4A310092385A /* SelectingMovieQueryOptionScreen */,
				0D8EDAEC295B6DBB0092385A /* CinemaRequestGenerationScreen */,
				0D8EDAA2295B2D150092385A /* ChoiceOfEntertainmentScreen */,
			);
			path = Flows;
			sourceTree = "<group>";
		};
		0D8EDA9E295B2CCF0092385A /* Assembly */ = {
			isa = PBXGroup;
			children = (
				0D8EDACB295B4CEA0092385A /* Modules */,
			);
			path = Assembly;
			sourceTree = "<group>";
		};
		0D8EDA9F295B2CD60092385A /* Entity */ = {
			isa = PBXGroup;
			children = (
				0D8EDB00295E2F3F0092385A /* Buttons */,
				0D8EDAF9295B8B3D0092385A /* Enums */,
				0D8EDAF3295B7F350092385A /* Views */,
				0D8EDADD295B67220092385A /* Models */,
			);
			path = Entity;
			sourceTree = "<group>";
		};
		0D8EDAA0295B2CDB0092385A /* BusinessLogic */ = {
			isa = PBXGroup;
			children = (
				0D8EDAE6295B695E0092385A /* RequestParameterConstructor */,
				0D8EDAB3295B49FD0092385A /* Coordinator */,
			);
			path = BusinessLogic;
			sourceTree = "<group>";
		};
		0D8EDAA1295B2CE30092385A /* AppDelegate */ = {
			isa = PBXGroup;
			children = (
				0D8EDA65295B2C210092385A /* SceneDelegate.swift */,
				0D8EDA63295B2C210092385A /* AppDelegate.swift */,
			);
			path = AppDelegate;
			sourceTree = "<group>";
		};
		0D8EDAA2295B2D150092385A /* ChoiceOfEntertainmentScreen */ = {
			isa = PBXGroup;
			children = (
				0D8EDAA3295B2D1D0092385A /* View */,
				0D8EDAA5295B2D400092385A /* ChoiceOfEntertainmentViewController.swift */,
			);
			path = ChoiceOfEntertainmentScreen;
			sourceTree = "<group>";
		};
		0D8EDAA3295B2D1D0092385A /* View */ = {
			isa = PBXGroup;
			children = (
				0D8EDAA7295B2DB20092385A /* ChoiceOfEntertainmentView.swift */,
			);
			path = View;
			sourceTree = "<group>";
		};
		0D8EDAA9295B39CA0092385A /* Extension */ = {
			isa = PBXGroup;
			children = (
				0D8EDB1629606C720092385A /* Date */,
				0D8EDADA295B65D10092385A /* Data */,
				0D8EDAAA295B39D70092385A /* UIColor */,
			);
			path = Extension;
			sourceTree = "<group>";
		};
		0D8EDAAA295B39D70092385A /* UIColor */ = {
			isa = PBXGroup;
			children = (
				0D8EDAAB295B39F20092385A /* UIColor+Ext.swift */,
			);
			path = UIColor;
			sourceTree = "<group>";
		};
		0D8EDAB0295B40E70092385A /* Device */ = {
			isa = PBXGroup;
			children = (
				0D8EDAB1295B40F50092385A /* Device.swift */,
			);
			path = Device;
			sourceTree = "<group>";
		};
		0D8EDAB3295B49FD0092385A /* Coordinator */ = {
			isa = PBXGroup;
			children = (
				0D8EDAB7295B4A4C0092385A /* Router */,
				0D8EDAB6295B4A420092385A /* Coordinators */,
				0D8EDAB5295B4A380092385A /* CoordinatorsFactory */,
				0D8EDAB4295B4A1D0092385A /* Protocols */,
			);
			path = Coordinator;
			sourceTree = "<group>";
		};
		0D8EDAB4295B4A1D0092385A /* Protocols */ = {
			isa = PBXGroup;
			children = (
				0D8EDAB8295B4A640092385A /* Routable.swift */,
				0D8EDABA295B4A7A0092385A /* Presentable.swift */,
				0D8EDABC295B4A9E0092385A /* Coordinator.swift */,
			);
			path = Protocols;
			sourceTree = "<group>";
		};
		0D8EDAB5295B4A380092385A /* CoordinatorsFactory */ = {
			isa = PBXGroup;
			children = (
				0D8EDABE295B4B040092385A /* CoordinatorsFactory.swift */,
			);
			path = CoordinatorsFactory;
			sourceTree = "<group>";
		};
		0D8EDAB6295B4A420092385A /* Coordinators */ = {
			isa = PBXGroup;
			children = (
				0D8EDAC8295B4C8B0092385A /* MainCoordinator */,
				0D8EDAC3295B4B690092385A /* BaseCoordinator */,
				0D8EDAC0295B4B310092385A /* AppCoordinator */,
			);
			path = Coordinators;
			sourceTree = "<group>";
		};
		0D8EDAB7295B4A4C0092385A /* Router */ = {
			isa = PBXGroup;
			children = (
				0D8EDAC6295B4BA20092385A /* Router.swift */,
			);
			path = Router;
			sourceTree = "<group>";
		};
		0D8EDAC0295B4B310092385A /* AppCoordinator */ = {
			isa = PBXGroup;
			children = (
				0D8EDAC1295B4B3C0092385A /* AppCoordinator.swift */,
			);
			path = AppCoordinator;
			sourceTree = "<group>";
		};
		0D8EDAC3295B4B690092385A /* BaseCoordinator */ = {
			isa = PBXGroup;
			children = (
				0D8EDAC4295B4B720092385A /* BaseCoordinator.swift */,
			);
			path = BaseCoordinator;
			sourceTree = "<group>";
		};
		0D8EDAC8295B4C8B0092385A /* MainCoordinator */ = {
			isa = PBXGroup;
			children = (
				0D8EDAC9295B4C9C0092385A /* MainCoordinator.swift */,
			);
			path = MainCoordinator;
			sourceTree = "<group>";
		};
		0D8EDACB295B4CEA0092385A /* Modules */ = {
			isa = PBXGroup;
			children = (
				0D8EDB11295E4FA10092385A /* ViewModelsFactory */,
				0D8EDACC295B4D0A0092385A /* Main */,
			);
			path = Modules;
			sourceTree = "<group>";
		};
		0D8EDACC295B4D0A0092385A /* Main */ = {
			isa = PBXGroup;
			children = (
				0D8EDACD295B4D120092385A /* MainBuilderProtocol.swift */,
				0D8EDACF295B4D650092385A /* MainModulesFactory.swift */,
			);
			path = Main;
			sourceTree = "<group>";
		};
		0D8EDAD1295B61A10092385A /* DataJSON */ = {
			isa = PBXGroup;
			children = (
				0D8EDAD8295B65C40092385A /* CinemaType.json */,
				0D8EDAD6295B65BF0092385A /* SortedType.json */,
				0D8EDAD4295B62F10092385A /* CountryType.json */,
				0D8EDAD2295B62ED0092385A /* GenreType.json */,
			);
			path = DataJSON;
			sourceTree = "<group>";
		};
		0D8EDADA295B65D10092385A /* Data */ = {
			isa = PBXGroup;
			children = (
				0D8EDADB295B65DF0092385A /* Data+Ext.swift */,
			);
			path = Data;
			sourceTree = "<group>";
		};
		0D8EDADD295B67220092385A /* Models */ = {
			isa = PBXGroup;
			children = (
				0D8EDADE295B67C10092385A /* CinemaTypeModel.swift */,
				0D8EDAE0295B683C0092385A /* SortedTypeModel.swift */,
				0D8EDAE2295B685A0092385A /* CountryTypeModel.swift */,
				0D8EDAE4295B687B0092385A /* GenreTypeModel.swift */,
				0D8EDAFE295E207B0092385A /* NameButtonsRequestGenerationViewModel.swift */,
				0D8EDB06295E36660092385A /* CinemaListRequestDataModel.swift */,
			);
			path = Models;
			sourceTree = "<group>";
		};
		0D8EDAE6295B695E0092385A /* RequestParameterConstructor */ = {
			isa = PBXGroup;
			children = (
				0D8EDAE7295B697F0092385A /* RequestParameterConstructor.swift */,
			);
			path = RequestParameterConstructor;
			sourceTree = "<group>";
		};
		0D8EDAEC295B6DBB0092385A /* CinemaRequestGenerationScreen */ = {
			isa = PBXGroup;
			children = (
				0D8EDB1929609C370092385A /* ViewModel */,
				0D8EDAED295B6DD60092385A /* View */,
				0D8EDAEF295B6DFB0092385A /* CinemaRequestGenerationViewController.swift */,
			);
			path = CinemaRequestGenerationScreen;
			sourceTree = "<group>";
		};
		0D8EDAED295B6DD60092385A /* View */ = {
			isa = PBXGroup;
			children = (
				0D8EDAF1295B6ECB0092385A /* CinemaRequestGenerationView.swift */,
			);
			path = View;
			sourceTree = "<group>";
		};
		0D8EDAF3295B7F350092385A /* Views */ = {
			isa = PBXGroup;
			children = (
				0D8EDAF4295B7FAC0092385A /* CustomNaviHeaderView */,
			);
			path = Views;
			sourceTree = "<group>";
		};
		0D8EDAF4295B7FAC0092385A /* CustomNaviHeaderView */ = {
			isa = PBXGroup;
			children = (
				0D8EDAF7295B801B0092385A /* CustomNaviHeaderViewParameters.swift */,
				0D8EDAF5295B80070092385A /* CustomNaviHeaderView.swift */,
			);
			path = CustomNaviHeaderView;
			sourceTree = "<group>";
		};
		0D8EDAF9295B8B3D0092385A /* Enums */ = {
			isa = PBXGroup;
			children = (
				0D8EDB1429605CC10092385A /* EnumNameFilesJSON.swift */,
			);
			path = Enums;
			sourceTree = "<group>";
		};
		0D8EDB00295E2F3F0092385A /* Buttons */ = {
			isa = PBXGroup;
			children = (
				0D8EDB03295E2FC30092385A /* AppButtonTypeOne */,
			);
			path = Buttons;
			sourceTree = "<group>";
		};
		0D8EDB03295E2FC30092385A /* AppButtonTypeOne */ = {
			isa = PBXGroup;
			children = (
				0D8EDB01295E2F5D0092385A /* AppButtonTypeOne.swift */,
				0D8EDB04295E2FD00092385A /* AppButtonTypeOneParameters.swift */,
			);
			path = AppButtonTypeOne;
			sourceTree = "<group>";
		};
		0D8EDB08295E4A310092385A /* SelectingMovieQueryOptionScreen */ = {
			isa = PBXGroup;
			children = (
				0D8EDB0E295E4B670092385A /* ViewModel */,
				0D8EDB0B295E4B580092385A /* View */,
				0D8EDB09295E4B520092385A /* SelectingMovieQueryOptionViewController.swift */,
			);
			path = SelectingMovieQueryOptionScreen;
			sourceTree = "<group>";
		};
		0D8EDB0B295E4B580092385A /* View */ = {
			isa = PBXGroup;
			children = (
				0D8EDB0C295E4B600092385A /* SelectingMovieQueryOptionView.swift */,
			);
			path = View;
			sourceTree = "<group>";
		};
		0D8EDB0E295E4B670092385A /* ViewModel */ = {
			isa = PBXGroup;
			children = (
				0D8EDB0F295E4B750092385A /* SelectingMovieQueryOptionViewModel.swift */,
			);
			path = ViewModel;
			sourceTree = "<group>";
		};
		0D8EDB11295E4FA10092385A /* ViewModelsFactory */ = {
			isa = PBXGroup;
			children = (
				0D8EDB12295E4FBE0092385A /* ViewModelsFactory.swift */,
			);
			path = ViewModelsFactory;
			sourceTree = "<group>";
		};
		0D8EDB1629606C720092385A /* Date */ = {
			isa = PBXGroup;
			children = (
				0D8EDB1729606C7C0092385A /* Date+Ext.swift */,
			);
			path = Date;
			sourceTree = "<group>";
		};
		0D8EDB1929609C370092385A /* ViewModel */ = {
			isa = PBXGroup;
			children = (
				0D8EDB1A29609C4B0092385A /* CinemaRequestGenerationViewModel.swift */,
			);
			path = ViewModel;
			sourceTree = "<group>";
		};
/* End PBXGroup section */

/* Begin PBXNativeTarget section */
		0D8EDA5F295B2C210092385A /* ChoiceOfEntertainment */ = {
			isa = PBXNativeTarget;
			buildConfigurationList = 0D8EDA8D295B2C230092385A /* Build configuration list for PBXNativeTarget "ChoiceOfEntertainment" */;
			buildPhases = (
				0D8EDA5C295B2C210092385A /* Sources */,
				0D8EDA5D295B2C210092385A /* Frameworks */,
				0D8EDA5E295B2C210092385A /* Resources */,
			);
			buildRules = (
			);
			dependencies = (
			);
			name = ChoiceOfEntertainment;
			packageProductDependencies = (
				0D8EDA97295B2C4D0092385A /* SnapKit */,
			);
			productName = ChoiceOfEntertainment;
			productReference = 0D8EDA60295B2C210092385A /* ChoiceOfEntertainment.app */;
			productType = "com.apple.product-type.application";
		};
		0D8EDA78295B2C230092385A /* ChoiceOfEntertainmentTests */ = {
			isa = PBXNativeTarget;
			buildConfigurationList = 0D8EDA90295B2C230092385A /* Build configuration list for PBXNativeTarget "ChoiceOfEntertainmentTests" */;
			buildPhases = (
				0D8EDA75295B2C230092385A /* Sources */,
				0D8EDA76295B2C230092385A /* Frameworks */,
				0D8EDA77295B2C230092385A /* Resources */,
			);
			buildRules = (
			);
			dependencies = (
				0D8EDA7B295B2C230092385A /* PBXTargetDependency */,
			);
			name = ChoiceOfEntertainmentTests;
			productName = ChoiceOfEntertainmentTests;
			productReference = 0D8EDA79295B2C230092385A /* ChoiceOfEntertainmentTests.xctest */;
			productType = "com.apple.product-type.bundle.unit-test";
		};
		0D8EDA82295B2C230092385A /* ChoiceOfEntertainmentUITests */ = {
			isa = PBXNativeTarget;
			buildConfigurationList = 0D8EDA93295B2C230092385A /* Build configuration list for PBXNativeTarget "ChoiceOfEntertainmentUITests" */;
			buildPhases = (
				0D8EDA7F295B2C230092385A /* Sources */,
				0D8EDA80295B2C230092385A /* Frameworks */,
				0D8EDA81295B2C230092385A /* Resources */,
			);
			buildRules = (
			);
			dependencies = (
				0D8EDA85295B2C230092385A /* PBXTargetDependency */,
			);
			name = ChoiceOfEntertainmentUITests;
			productName = ChoiceOfEntertainmentUITests;
			productReference = 0D8EDA83295B2C230092385A /* ChoiceOfEntertainmentUITests.xctest */;
			productType = "com.apple.product-type.bundle.ui-testing";
		};
/* End PBXNativeTarget section */

/* Begin PBXProject section */
		0D8EDA58295B2C210092385A /* Project object */ = {
			isa = PBXProject;
			attributes = {
				BuildIndependentTargetsInParallel = 1;
				LastSwiftUpdateCheck = 1420;
				LastUpgradeCheck = 1420;
				TargetAttributes = {
					0D8EDA5F295B2C210092385A = {
						CreatedOnToolsVersion = 14.2;
					};
					0D8EDA78295B2C230092385A = {
						CreatedOnToolsVersion = 14.2;
						TestTargetID = 0D8EDA5F295B2C210092385A;
					};
					0D8EDA82295B2C230092385A = {
						CreatedOnToolsVersion = 14.2;
						TestTargetID = 0D8EDA5F295B2C210092385A;
					};
				};
			};
			buildConfigurationList = 0D8EDA5B295B2C210092385A /* Build configuration list for PBXProject "ChoiceOfEntertainment" */;
			compatibilityVersion = "Xcode 14.0";
			developmentRegion = en;
			hasScannedForEncodings = 0;
			knownRegions = (
				en,
				Base,
			);
			mainGroup = 0D8EDA57295B2C210092385A;
			packageReferences = (
				0D8EDA96295B2C4D0092385A /* XCRemoteSwiftPackageReference "SnapKit" */,
			);
			productRefGroup = 0D8EDA61295B2C210092385A /* Products */;
			projectDirPath = "";
			projectRoot = "";
			targets = (
				0D8EDA5F295B2C210092385A /* ChoiceOfEntertainment */,
				0D8EDA78295B2C230092385A /* ChoiceOfEntertainmentTests */,
				0D8EDA82295B2C230092385A /* ChoiceOfEntertainmentUITests */,
			);
		};
/* End PBXProject section */

/* Begin PBXResourcesBuildPhase section */
		0D8EDA5E295B2C210092385A /* Resources */ = {
			isa = PBXResourcesBuildPhase;
			buildActionMask = 2147483647;
			files = (
				0D8EDAD3295B62ED0092385A /* GenreType.json in Resources */,
				0D8EDA73295B2C230092385A /* LaunchScreen.storyboard in Resources */,
				0D8EDAD7295B65BF0092385A /* SortedType.json in Resources */,
				0D8EDAD5295B62F10092385A /* CountryType.json in Resources */,
				0D8EDAD9295B65C40092385A /* CinemaType.json in Resources */,
				0D8EDA70295B2C230092385A /* Assets.xcassets in Resources */,
			);
			runOnlyForDeploymentPostprocessing = 0;
		};
		0D8EDA77295B2C230092385A /* Resources */ = {
			isa = PBXResourcesBuildPhase;
			buildActionMask = 2147483647;
			files = (
			);
			runOnlyForDeploymentPostprocessing = 0;
		};
		0D8EDA81295B2C230092385A /* Resources */ = {
			isa = PBXResourcesBuildPhase;
			buildActionMask = 2147483647;
			files = (
			);
			runOnlyForDeploymentPostprocessing = 0;
		};
/* End PBXResourcesBuildPhase section */

/* Begin PBXSourcesBuildPhase section */
		0D8EDA5C295B2C210092385A /* Sources */ = {
			isa = PBXSourcesBuildPhase;
			buildActionMask = 2147483647;
			files = (
				0D8EDB05295E2FD00092385A /* AppButtonTypeOneParameters.swift in Sources */,
				0D8EDAF2295B6ECB0092385A /* CinemaRequestGenerationView.swift in Sources */,
				0D8EDA6E295B2C210092385A /* ChoiceOfEntertainment.xcdatamodeld in Sources */,
				0D8EDAF6295B80070092385A /* CustomNaviHeaderView.swift in Sources */,
				0D8EDAA8295B2DB20092385A /* ChoiceOfEntertainmentView.swift in Sources */,
				0D8EDAC2295B4B3C0092385A /* AppCoordinator.swift in Sources */,
				0D8EDB1B29609C4B0092385A /* CinemaRequestGenerationViewModel.swift in Sources */,
				0D8EDAD0295B4D650092385A /* MainModulesFactory.swift in Sources */,
				0D8EDAE8295B697F0092385A /* RequestParameterConstructor.swift in Sources */,
				0D8EDAA6295B2D400092385A /* ChoiceOfEntertainmentViewController.swift in Sources */,
				0D8EDABF295B4B040092385A /* CoordinatorsFactory.swift in Sources */,
				0D8EDABB295B4A7A0092385A /* Presentable.swift in Sources */,
				0D8EDADC295B65DF0092385A /* Data+Ext.swift in Sources */,
				0D8EDB13295E4FBE0092385A /* ViewModelsFactory.swift in Sources */,
				0D8EDAAC295B39F20092385A /* UIColor+Ext.swift in Sources */,
				0D8EDB0A295E4B520092385A /* SelectingMovieQueryOptionViewController.swift in Sources */,
				0D8EDAFF295E207B0092385A /* NameButtonsRequestGenerationViewModel.swift in Sources */,
				0D8EDAF8295B801B0092385A /* CustomNaviHeaderViewParameters.swift in Sources */,
				0D8EDB10295E4B750092385A /* SelectingMovieQueryOptionViewModel.swift in Sources */,
				0D8EDB07295E36660092385A /* CinemaListRequestDataModel.swift in Sources */,
				0D8EDAC7295B4BA20092385A /* Router.swift in Sources */,
				0D8EDAF0295B6DFB0092385A /* CinemaRequestGenerationViewController.swift in Sources */,
				0D8EDACA295B4C9C0092385A /* MainCoordinator.swift in Sources */,
				0D8EDAE1295B683C0092385A /* SortedTypeModel.swift in Sources */,
				0D8EDACE295B4D120092385A /* MainBuilderProtocol.swift in Sources */,
				0D8EDAE3295B685A0092385A /* CountryTypeModel.swift in Sources */,
				0D8EDB1529605CC10092385A /* EnumNameFilesJSON.swift in Sources */,
				0D8EDAE5295B687B0092385A /* GenreTypeModel.swift in Sources */,
				0D8EDABD295B4A9E0092385A /* Coordinator.swift in Sources */,
				0D8EDB02295E2F5D0092385A /* AppButtonTypeOne.swift in Sources */,
				0D8EDA64295B2C210092385A /* AppDelegate.swift in Sources */,
				0D8EDB1829606C7C0092385A /* Date+Ext.swift in Sources */,
				0D8EDA66295B2C210092385A /* SceneDelegate.swift in Sources */,
				0D8EDADF295B67C10092385A /* CinemaTypeModel.swift in Sources */,
				0D8EDB0D295E4B600092385A /* SelectingMovieQueryOptionView.swift in Sources */,
				0D8EDAC5295B4B720092385A /* BaseCoordinator.swift in Sources */,
				0D8EDAB9295B4A640092385A /* Routable.swift in Sources */,
				0D8EDAB2295B40F50092385A /* Device.swift in Sources */,
			);
			runOnlyForDeploymentPostprocessing = 0;
		};
		0D8EDA75295B2C230092385A /* Sources */ = {
			isa = PBXSourcesBuildPhase;
			buildActionMask = 2147483647;
			files = (
				0D8EDA7E295B2C230092385A /* ChoiceOfEntertainmentTests.swift in Sources */,
			);
			runOnlyForDeploymentPostprocessing = 0;
		};
		0D8EDA7F295B2C230092385A /* Sources */ = {
			isa = PBXSourcesBuildPhase;
			buildActionMask = 2147483647;
			files = (
				0D8EDA88295B2C230092385A /* ChoiceOfEntertainmentUITests.swift in Sources */,
				0D8EDA8A295B2C230092385A /* ChoiceOfEntertainmentUITestsLaunchTests.swift in Sources */,
			);
			runOnlyForDeploymentPostprocessing = 0;
		};
/* End PBXSourcesBuildPhase section */

/* Begin PBXTargetDependency section */
		0D8EDA7B295B2C230092385A /* PBXTargetDependency */ = {
			isa = PBXTargetDependency;
			target = 0D8EDA5F295B2C210092385A /* ChoiceOfEntertainment */;
			targetProxy = 0D8EDA7A295B2C230092385A /* PBXContainerItemProxy */;
		};
		0D8EDA85295B2C230092385A /* PBXTargetDependency */ = {
			isa = PBXTargetDependency;
			target = 0D8EDA5F295B2C210092385A /* ChoiceOfEntertainment */;
			targetProxy = 0D8EDA84295B2C230092385A /* PBXContainerItemProxy */;
		};
/* End PBXTargetDependency section */

/* Begin PBXVariantGroup section */
		0D8EDA71295B2C230092385A /* LaunchScreen.storyboard */ = {
			isa = PBXVariantGroup;
			children = (
				0D8EDA72295B2C230092385A /* Base */,
			);
			name = LaunchScreen.storyboard;
			sourceTree = "<group>";
		};
/* End PBXVariantGroup section */

/* Begin XCBuildConfiguration section */
		0D8EDA8B295B2C230092385A /* Debug */ = {
			isa = XCBuildConfiguration;
			buildSettings = {
				ALWAYS_SEARCH_USER_PATHS = NO;
				CLANG_ANALYZER_NONNULL = YES;
				CLANG_ANALYZER_NUMBER_OBJECT_CONVERSION = YES_AGGRESSIVE;
				CLANG_CXX_LANGUAGE_STANDARD = "gnu++20";
				CLANG_ENABLE_MODULES = YES;
				CLANG_ENABLE_OBJC_ARC = YES;
				CLANG_ENABLE_OBJC_WEAK = YES;
				CLANG_WARN_BLOCK_CAPTURE_AUTORELEASING = YES;
				CLANG_WARN_BOOL_CONVERSION = YES;
				CLANG_WARN_COMMA = YES;
				CLANG_WARN_CONSTANT_CONVERSION = YES;
				CLANG_WARN_DEPRECATED_OBJC_IMPLEMENTATIONS = YES;
				CLANG_WARN_DIRECT_OBJC_ISA_USAGE = YES_ERROR;
				CLANG_WARN_DOCUMENTATION_COMMENTS = YES;
				CLANG_WARN_EMPTY_BODY = YES;
				CLANG_WARN_ENUM_CONVERSION = YES;
				CLANG_WARN_INFINITE_RECURSION = YES;
				CLANG_WARN_INT_CONVERSION = YES;
				CLANG_WARN_NON_LITERAL_NULL_CONVERSION = YES;
				CLANG_WARN_OBJC_IMPLICIT_RETAIN_SELF = YES;
				CLANG_WARN_OBJC_LITERAL_CONVERSION = YES;
				CLANG_WARN_OBJC_ROOT_CLASS = YES_ERROR;
				CLANG_WARN_QUOTED_INCLUDE_IN_FRAMEWORK_HEADER = YES;
				CLANG_WARN_RANGE_LOOP_ANALYSIS = YES;
				CLANG_WARN_STRICT_PROTOTYPES = YES;
				CLANG_WARN_SUSPICIOUS_MOVE = YES;
				CLANG_WARN_UNGUARDED_AVAILABILITY = YES_AGGRESSIVE;
				CLANG_WARN_UNREACHABLE_CODE = YES;
				CLANG_WARN__DUPLICATE_METHOD_MATCH = YES;
				COPY_PHASE_STRIP = NO;
				DEBUG_INFORMATION_FORMAT = dwarf;
				ENABLE_STRICT_OBJC_MSGSEND = YES;
				ENABLE_TESTABILITY = YES;
				GCC_C_LANGUAGE_STANDARD = gnu11;
				GCC_DYNAMIC_NO_PIC = NO;
				GCC_NO_COMMON_BLOCKS = YES;
				GCC_OPTIMIZATION_LEVEL = 0;
				GCC_PREPROCESSOR_DEFINITIONS = (
					"DEBUG=1",
					"$(inherited)",
				);
				GCC_WARN_64_TO_32_BIT_CONVERSION = YES;
				GCC_WARN_ABOUT_RETURN_TYPE = YES_ERROR;
				GCC_WARN_UNDECLARED_SELECTOR = YES;
				GCC_WARN_UNINITIALIZED_AUTOS = YES_AGGRESSIVE;
				GCC_WARN_UNUSED_FUNCTION = YES;
				GCC_WARN_UNUSED_VARIABLE = YES;
				IPHONEOS_DEPLOYMENT_TARGET = 14.0;
				MTL_ENABLE_DEBUG_INFO = INCLUDE_SOURCE;
				MTL_FAST_MATH = YES;
				ONLY_ACTIVE_ARCH = YES;
				SDKROOT = iphoneos;
				SWIFT_ACTIVE_COMPILATION_CONDITIONS = DEBUG;
				SWIFT_OPTIMIZATION_LEVEL = "-Onone";
			};
			name = Debug;
		};
		0D8EDA8C295B2C230092385A /* Release */ = {
			isa = XCBuildConfiguration;
			buildSettings = {
				ALWAYS_SEARCH_USER_PATHS = NO;
				CLANG_ANALYZER_NONNULL = YES;
				CLANG_ANALYZER_NUMBER_OBJECT_CONVERSION = YES_AGGRESSIVE;
				CLANG_CXX_LANGUAGE_STANDARD = "gnu++20";
				CLANG_ENABLE_MODULES = YES;
				CLANG_ENABLE_OBJC_ARC = YES;
				CLANG_ENABLE_OBJC_WEAK = YES;
				CLANG_WARN_BLOCK_CAPTURE_AUTORELEASING = YES;
				CLANG_WARN_BOOL_CONVERSION = YES;
				CLANG_WARN_COMMA = YES;
				CLANG_WARN_CONSTANT_CONVERSION = YES;
				CLANG_WARN_DEPRECATED_OBJC_IMPLEMENTATIONS = YES;
				CLANG_WARN_DIRECT_OBJC_ISA_USAGE = YES_ERROR;
				CLANG_WARN_DOCUMENTATION_COMMENTS = YES;
				CLANG_WARN_EMPTY_BODY = YES;
				CLANG_WARN_ENUM_CONVERSION = YES;
				CLANG_WARN_INFINITE_RECURSION = YES;
				CLANG_WARN_INT_CONVERSION = YES;
				CLANG_WARN_NON_LITERAL_NULL_CONVERSION = YES;
				CLANG_WARN_OBJC_IMPLICIT_RETAIN_SELF = YES;
				CLANG_WARN_OBJC_LITERAL_CONVERSION = YES;
				CLANG_WARN_OBJC_ROOT_CLASS = YES_ERROR;
				CLANG_WARN_QUOTED_INCLUDE_IN_FRAMEWORK_HEADER = YES;
				CLANG_WARN_RANGE_LOOP_ANALYSIS = YES;
				CLANG_WARN_STRICT_PROTOTYPES = YES;
				CLANG_WARN_SUSPICIOUS_MOVE = YES;
				CLANG_WARN_UNGUARDED_AVAILABILITY = YES_AGGRESSIVE;
				CLANG_WARN_UNREACHABLE_CODE = YES;
				CLANG_WARN__DUPLICATE_METHOD_MATCH = YES;
				COPY_PHASE_STRIP = NO;
				DEBUG_INFORMATION_FORMAT = "dwarf-with-dsym";
				ENABLE_NS_ASSERTIONS = NO;
				ENABLE_STRICT_OBJC_MSGSEND = YES;
				GCC_C_LANGUAGE_STANDARD = gnu11;
				GCC_NO_COMMON_BLOCKS = YES;
				GCC_WARN_64_TO_32_BIT_CONVERSION = YES;
				GCC_WARN_ABOUT_RETURN_TYPE = YES_ERROR;
				GCC_WARN_UNDECLARED_SELECTOR = YES;
				GCC_WARN_UNINITIALIZED_AUTOS = YES_AGGRESSIVE;
				GCC_WARN_UNUSED_FUNCTION = YES;
				GCC_WARN_UNUSED_VARIABLE = YES;
				IPHONEOS_DEPLOYMENT_TARGET = 14.0;
				MTL_ENABLE_DEBUG_INFO = NO;
				MTL_FAST_MATH = YES;
				SDKROOT = iphoneos;
				SWIFT_COMPILATION_MODE = wholemodule;
				SWIFT_OPTIMIZATION_LEVEL = "-O";
				VALIDATE_PRODUCT = YES;
			};
			name = Release;
		};
		0D8EDA8E295B2C230092385A /* Debug */ = {
			isa = XCBuildConfiguration;
			buildSettings = {
				ASSETCATALOG_COMPILER_APPICON_NAME = AppIcon;
				ASSETCATALOG_COMPILER_GLOBAL_ACCENT_COLOR_NAME = AccentColor;
				CODE_SIGN_STYLE = Automatic;
				CURRENT_PROJECT_VERSION = 1;
				DEVELOPMENT_TEAM = QPTD792UJB;
				GENERATE_INFOPLIST_FILE = YES;
				INFOPLIST_FILE = ChoiceOfEntertainment/Environments/Info.plist;
				INFOPLIST_KEY_UIApplicationSupportsIndirectInputEvents = YES;
				INFOPLIST_KEY_UILaunchStoryboardName = LaunchScreen;
				INFOPLIST_KEY_UIMainStoryboardFile = "";
				INFOPLIST_KEY_UIRequiresFullScreen = NO;
				INFOPLIST_KEY_UIStatusBarStyle = UIStatusBarStyleDarkContent;
				INFOPLIST_KEY_UISupportedInterfaceOrientations = "UIInterfaceOrientationLandscapeRight UIInterfaceOrientationPortrait";
				INFOPLIST_KEY_UISupportedInterfaceOrientations_iPad = UIInterfaceOrientationPortrait;
				IPHONEOS_DEPLOYMENT_TARGET = 14.0;
				LD_RUNPATH_SEARCH_PATHS = (
					"$(inherited)",
					"@executable_path/Frameworks",
				);
				MARKETING_VERSION = 1.0;
				PRODUCT_BUNDLE_IDENTIFIER = VitaliiSukhoroslov.ChoiceOfEntertainment;
				PRODUCT_NAME = "$(TARGET_NAME)";
				SUPPORTED_PLATFORMS = "iphoneos iphonesimulator";
				SUPPORTS_MACCATALYST = NO;
				SUPPORTS_MAC_DESIGNED_FOR_IPHONE_IPAD = NO;
				SWIFT_EMIT_LOC_STRINGS = YES;
				SWIFT_VERSION = 5.0;
				TARGETED_DEVICE_FAMILY = "1,2";
			};
			name = Debug;
		};
		0D8EDA8F295B2C230092385A /* Release */ = {
			isa = XCBuildConfiguration;
			buildSettings = {
				ASSETCATALOG_COMPILER_APPICON_NAME = AppIcon;
				ASSETCATALOG_COMPILER_GLOBAL_ACCENT_COLOR_NAME = AccentColor;
				CODE_SIGN_STYLE = Automatic;
				CURRENT_PROJECT_VERSION = 1;
				DEVELOPMENT_TEAM = QPTD792UJB;
				GENERATE_INFOPLIST_FILE = YES;
				INFOPLIST_FILE = ChoiceOfEntertainment/Environments/Info.plist;
				INFOPLIST_KEY_UIApplicationSupportsIndirectInputEvents = YES;
				INFOPLIST_KEY_UILaunchStoryboardName = LaunchScreen;
				INFOPLIST_KEY_UIMainStoryboardFile = "";
				INFOPLIST_KEY_UIRequiresFullScreen = NO;
				INFOPLIST_KEY_UIStatusBarStyle = UIStatusBarStyleDarkContent;
				INFOPLIST_KEY_UISupportedInterfaceOrientations = "UIInterfaceOrientationLandscapeRight UIInterfaceOrientationPortrait";
				INFOPLIST_KEY_UISupportedInterfaceOrientations_iPad = UIInterfaceOrientationPortrait;
				IPHONEOS_DEPLOYMENT_TARGET = 14.0;
				LD_RUNPATH_SEARCH_PATHS = (
					"$(inherited)",
					"@executable_path/Frameworks",
				);
				MARKETING_VERSION = 1.0;
				PRODUCT_BUNDLE_IDENTIFIER = VitaliiSukhoroslov.ChoiceOfEntertainment;
				PRODUCT_NAME = "$(TARGET_NAME)";
				SUPPORTED_PLATFORMS = "iphoneos iphonesimulator";
				SUPPORTS_MACCATALYST = NO;
				SUPPORTS_MAC_DESIGNED_FOR_IPHONE_IPAD = NO;
				SWIFT_EMIT_LOC_STRINGS = YES;
				SWIFT_VERSION = 5.0;
				TARGETED_DEVICE_FAMILY = "1,2";
			};
			name = Release;
		};
		0D8EDA91295B2C230092385A /* Debug */ = {
			isa = XCBuildConfiguration;
			buildSettings = {
				ALWAYS_EMBED_SWIFT_STANDARD_LIBRARIES = YES;
				BUNDLE_LOADER = "$(TEST_HOST)";
				CODE_SIGN_STYLE = Automatic;
				CURRENT_PROJECT_VERSION = 1;
				DEVELOPMENT_TEAM = QPTD792UJB;
				GENERATE_INFOPLIST_FILE = YES;
				IPHONEOS_DEPLOYMENT_TARGET = 16.2;
				MARKETING_VERSION = 1.0;
				PRODUCT_BUNDLE_IDENTIFIER = VitaliiSukhoroslov.ChoiceOfEntertainmentTests;
				PRODUCT_NAME = "$(TARGET_NAME)";
				SWIFT_EMIT_LOC_STRINGS = NO;
				SWIFT_VERSION = 5.0;
				TARGETED_DEVICE_FAMILY = "1,2";
				TEST_HOST = "$(BUILT_PRODUCTS_DIR)/ChoiceOfEntertainment.app/$(BUNDLE_EXECUTABLE_FOLDER_PATH)/ChoiceOfEntertainment";
			};
			name = Debug;
		};
		0D8EDA92295B2C230092385A /* Release */ = {
			isa = XCBuildConfiguration;
			buildSettings = {
				ALWAYS_EMBED_SWIFT_STANDARD_LIBRARIES = YES;
				BUNDLE_LOADER = "$(TEST_HOST)";
				CODE_SIGN_STYLE = Automatic;
				CURRENT_PROJECT_VERSION = 1;
				DEVELOPMENT_TEAM = QPTD792UJB;
				GENERATE_INFOPLIST_FILE = YES;
				IPHONEOS_DEPLOYMENT_TARGET = 16.2;
				MARKETING_VERSION = 1.0;
				PRODUCT_BUNDLE_IDENTIFIER = VitaliiSukhoroslov.ChoiceOfEntertainmentTests;
				PRODUCT_NAME = "$(TARGET_NAME)";
				SWIFT_EMIT_LOC_STRINGS = NO;
				SWIFT_VERSION = 5.0;
				TARGETED_DEVICE_FAMILY = "1,2";
				TEST_HOST = "$(BUILT_PRODUCTS_DIR)/ChoiceOfEntertainment.app/$(BUNDLE_EXECUTABLE_FOLDER_PATH)/ChoiceOfEntertainment";
			};
			name = Release;
		};
		0D8EDA94295B2C230092385A /* Debug */ = {
			isa = XCBuildConfiguration;
			buildSettings = {
				ALWAYS_EMBED_SWIFT_STANDARD_LIBRARIES = YES;
				CODE_SIGN_STYLE = Automatic;
				CURRENT_PROJECT_VERSION = 1;
				DEVELOPMENT_TEAM = QPTD792UJB;
				GENERATE_INFOPLIST_FILE = YES;
				MARKETING_VERSION = 1.0;
				PRODUCT_BUNDLE_IDENTIFIER = VitaliiSukhoroslov.ChoiceOfEntertainmentUITests;
				PRODUCT_NAME = "$(TARGET_NAME)";
				SWIFT_EMIT_LOC_STRINGS = NO;
				SWIFT_VERSION = 5.0;
				TARGETED_DEVICE_FAMILY = "1,2";
				TEST_TARGET_NAME = ChoiceOfEntertainment;
			};
			name = Debug;
		};
		0D8EDA95295B2C230092385A /* Release */ = {
			isa = XCBuildConfiguration;
			buildSettings = {
				ALWAYS_EMBED_SWIFT_STANDARD_LIBRARIES = YES;
				CODE_SIGN_STYLE = Automatic;
				CURRENT_PROJECT_VERSION = 1;
				DEVELOPMENT_TEAM = QPTD792UJB;
				GENERATE_INFOPLIST_FILE = YES;
				MARKETING_VERSION = 1.0;
				PRODUCT_BUNDLE_IDENTIFIER = VitaliiSukhoroslov.ChoiceOfEntertainmentUITests;
				PRODUCT_NAME = "$(TARGET_NAME)";
				SWIFT_EMIT_LOC_STRINGS = NO;
				SWIFT_VERSION = 5.0;
				TARGETED_DEVICE_FAMILY = "1,2";
				TEST_TARGET_NAME = ChoiceOfEntertainment;
			};
			name = Release;
		};
/* End XCBuildConfiguration section */

/* Begin XCConfigurationList section */
		0D8EDA5B295B2C210092385A /* Build configuration list for PBXProject "ChoiceOfEntertainment" */ = {
			isa = XCConfigurationList;
			buildConfigurations = (
				0D8EDA8B295B2C230092385A /* Debug */,
				0D8EDA8C295B2C230092385A /* Release */,
			);
			defaultConfigurationIsVisible = 0;
			defaultConfigurationName = Release;
		};
		0D8EDA8D295B2C230092385A /* Build configuration list for PBXNativeTarget "ChoiceOfEntertainment" */ = {
			isa = XCConfigurationList;
			buildConfigurations = (
				0D8EDA8E295B2C230092385A /* Debug */,
				0D8EDA8F295B2C230092385A /* Release */,
			);
			defaultConfigurationIsVisible = 0;
			defaultConfigurationName = Release;
		};
		0D8EDA90295B2C230092385A /* Build configuration list for PBXNativeTarget "ChoiceOfEntertainmentTests" */ = {
			isa = XCConfigurationList;
			buildConfigurations = (
				0D8EDA91295B2C230092385A /* Debug */,
				0D8EDA92295B2C230092385A /* Release */,
			);
			defaultConfigurationIsVisible = 0;
			defaultConfigurationName = Release;
		};
		0D8EDA93295B2C230092385A /* Build configuration list for PBXNativeTarget "ChoiceOfEntertainmentUITests" */ = {
			isa = XCConfigurationList;
			buildConfigurations = (
				0D8EDA94295B2C230092385A /* Debug */,
				0D8EDA95295B2C230092385A /* Release */,
			);
			defaultConfigurationIsVisible = 0;
			defaultConfigurationName = Release;
		};
/* End XCConfigurationList section */

/* Begin XCRemoteSwiftPackageReference section */
		0D8EDA96295B2C4D0092385A /* XCRemoteSwiftPackageReference "SnapKit" */ = {
			isa = XCRemoteSwiftPackageReference;
			repositoryURL = "https://github.com/SnapKit/SnapKit.git";
			requirement = {
				kind = upToNextMinorVersion;
				minimumVersion = 5.6.0;
			};
		};
/* End XCRemoteSwiftPackageReference section */

/* Begin XCSwiftPackageProductDependency section */
		0D8EDA97295B2C4D0092385A /* SnapKit */ = {
			isa = XCSwiftPackageProductDependency;
			package = 0D8EDA96295B2C4D0092385A /* XCRemoteSwiftPackageReference "SnapKit" */;
			productName = SnapKit;
		};
/* End XCSwiftPackageProductDependency section */

/* Begin XCVersionGroup section */
		0D8EDA6C295B2C210092385A /* ChoiceOfEntertainment.xcdatamodeld */ = {
			isa = XCVersionGroup;
			children = (
				0D8EDA6D295B2C210092385A /* ChoiceOfEntertainment.xcdatamodel */,
			);
			currentVersion = 0D8EDA6D295B2C210092385A /* ChoiceOfEntertainment.xcdatamodel */;
			path = ChoiceOfEntertainment.xcdatamodeld;
			sourceTree = "<group>";
			versionGroupType = wrapper.xcdatamodel;
		};
/* End XCVersionGroup section */
	};
	rootObject = 0D8EDA58295B2C210092385A /* Project object */;
}
